{
  "name": "svelte-simple-extension",
  "lockfileVersion": 3,
  "requires": true,
  "packages": {
    "": {
      "dependencies": {
        "@stripe/stripe-js": "^7.3.1",
        "keycloak-js": "^26.2.0"
      }
    },
    "node_modules/@stripe/stripe-js": {
      "version": "7.3.1",
      "resolved": "https://registry.npmjs.org/@stripe/stripe-js/-/stripe-js-7.3.1.tgz",
      "integrity": "sha512-pTzb864TQWDRQBPLgSPFRoyjSDUqpCkbEgTzpsjiTjGz1Z5SxZNXJek28w1s6Dyry4CyW4/Izj5jHE/J9hCJYQ==",
      "engines": {
        "node": ">=12.16"
      }
    },
    "node_modules/keycloak-js": {
      "version": "26.2.0",
      "resolved": "https://registry.npmjs.org/keycloak-js/-/keycloak-js-26.2.0.tgz",
      "integrity": "sha512-CrFcXTN+d6J0V/1v3Zpioys6qHNWE6yUzVVIsCUAmFn9H14GZ0vuYod+lt+SSpMgWGPuneDZBSGBAeLBFuqjsw=="
    }
  }
}
